
Microsoft Visual Studio Solution File, Format Version 12.00
# Visual Studio 15
VisualStudioVersion = 15.0.27428.2037
MinimumVisualStudioVersion = 10.0.40219.1
Project("{F184B08F-C81C-45F6-A57F-5ABD9991F28F}") = "TCP_IP_Client", "TCP_IP_Client\TCP_IP_Client.vbproj", "{5A626D2D-CF01-44BA-9C2F-97F3BD3A6198}"
EndProject
Global
	GlobalSection(SolutionConfigurationPlatforms) = preSolution
		Debug|Any CPU = Debug|Any CPU
		Release|Any CPU = Release|Any CPU
	EndGlobalSection
	GlobalSection(ProjectConfigurationPlatforms) = postSolution
		{5A626D2D-CF01-44BA-9C2F-97F3BD3A6198}.Debug|Any CPU.ActiveCfg = Debug|Any CPU
		{5A626D2D-CF01-44BA-9C2F-97F3BD3A6198}.Debug|Any CPU.Build.0 = Debug|Any CPU
		{5A626D2D-CF01-44BA-9C2F-97F3BD3A6198}.Release|Any CPU.ActiveCfg = Release|Any CPU
		{5A626D2D-CF01-44BA-9C2F-97F3BD3A6198}.Release|Any CPU.Build.0 = Release|Any CPU
	EndGlobalSection
	GlobalSection(SolutionProperties) = preSolution
		HideSolutionNode = FALSE
	EndGlobalSection
	GlobalSection(ExtensibilityGlobals) = postSolution
		SolutionGuid = {0D6622C4-8095-4476-8187-726AC15F6B57}
	EndGlobalSection
EndGlobal
